
Microsoft Visual Studio Solution File, Format Version 12.00
# Visual Studio 15
VisualStudioVersion = 15.0.27703.2000
MinimumVisualStudioVersion = 10.0.40219.1
Project("{FAE04EC0-301F-11D3-BF4B-00C04F79EFBC}") = "MvcBot", "MvcBot\MvcBot.csproj", "{69BEA200-149C-42DD-BEB9-214C5AF38C4E}"
EndProject
Project("{FAE04EC0-301F-11D3-BF4B-00C04F79EFBC}") = "AzureFunctionBot", "AzureFunctionBot\AzureFunctionBot.csproj", "{A0AAF2BB-1626-461D-BEBE-4057498E79C9}"
EndProject
Global
	GlobalSection(SolutionConfigurationPlatforms) = preSolution
		Debug|Any CPU = Debug|Any CPU
		Release|Any CPU = Release|Any CPU
	EndGlobalSection
	GlobalSection(ProjectConfigurationPlatforms) = postSolution
		{69BEA200-149C-42DD-BEB9-214C5AF38C4E}.Debug|Any CPU.ActiveCfg = Debug|Any CPU
		{69BEA200-149C-42DD-BEB9-214C5AF38C4E}.Debug|Any CPU.Build.0 = Debug|Any CPU
		{69BEA200-149C-42DD-BEB9-214C5AF38C4E}.Release|Any CPU.ActiveCfg = Release|Any CPU
		{69BEA200-149C-42DD-BEB9-214C5AF38C4E}.Release|Any CPU.Build.0 = Release|Any CPU
		{A0AAF2BB-1626-461D-BEBE-4057498E79C9}.Debug|Any CPU.ActiveCfg = Debug|Any CPU
		{A0AAF2BB-1626-461D-BEBE-4057498E79C9}.Debug|Any CPU.Build.0 = Debug|Any CPU
		{A0AAF2BB-1626-461D-BEBE-4057498E79C9}.Release|Any CPU.ActiveCfg = Release|Any CPU
		{A0AAF2BB-1626-461D-BEBE-4057498E79C9}.Release|Any CPU.Build.0 = Release|Any CPU
	EndGlobalSection
	GlobalSection(SolutionProperties) = preSolution
		HideSolutionNode = FALSE
	EndGlobalSection
	GlobalSection(ExtensibilityGlobals) = postSolution
		SolutionGuid = {840B78D7-8E57-4165-BB0B-E2CA5C2A4564}
	EndGlobalSection
EndGlobal
